
Microsoft Visual Studio Solution File, Format Version 12.00
# Visual Studio Version 16
VisualStudioVersion = 16.0.30621.155
MinimumVisualStudioVersion = 10.0.40219.1
Project("{FAE04EC0-301F-11D3-BF4B-00C04F79EFBC}") = "FileJoiner", "FileJoiner\FileJoiner.csproj", "{9F132A01-7454-46E5-AC3A-942C99108078}"
EndProject
Global
	GlobalSection(SolutionConfigurationPlatforms) = preSolution
		Debug|Any CPU = Debug|Any CPU
		Release|Any CPU = Release|Any CPU
	EndGlobalSection
	GlobalSection(ProjectConfigurationPlatforms) = postSolution
		{9F132A01-7454-46E5-AC3A-942C99108078}.Debug|Any CPU.ActiveCfg = Debug|Any CPU
		{9F132A01-7454-46E5-AC3A-942C99108078}.Debug|Any CPU.Build.0 = Debug|Any CPU
		{9F132A01-7454-46E5-AC3A-942C99108078}.Release|Any CPU.ActiveCfg = Release|Any CPU
		{9F132A01-7454-46E5-AC3A-942C99108078}.Release|Any CPU.Build.0 = Release|Any CPU
	EndGlobalSection
	GlobalSection(SolutionProperties) = preSolution
		HideSolutionNode = FALSE
	EndGlobalSection
	GlobalSection(ExtensibilityGlobals) = postSolution
		SolutionGuid = {A7103123-62E3-41F8-A506-E251E98DC294}
	EndGlobalSection
EndGlobal
